
Microsoft Visual Studio Solution File, Format Version 12.00
Project("{FAE04EC0-301F-11D3-BF4B-00C04F79EFBC}") = "PSP_PJInventory", "PSP_PJInventory\PSP_PJInventory.csproj", "{6CEBDE93-A278-4BE7-806F-1BB009D02CD4}"
EndProject
Project("{FAE04EC0-301F-11D3-BF4B-00C04F79EFBC}") = "PSP_PJInventory.Tests", "PSP_PJInventory.Tests\PSP_PJInventory.Tests.csproj", "{791779B4-32D6-457D-9FB3-F10AF44DF28E}"
EndProject
Global
	GlobalSection(SolutionConfigurationPlatforms) = preSolution
		Debug|Any CPU = Debug|Any CPU
		Release|Any CPU = Release|Any CPU
	EndGlobalSection
	GlobalSection(ProjectConfigurationPlatforms) = postSolution
		{6CEBDE93-A278-4BE7-806F-1BB009D02CD4}.Debug|Any CPU.ActiveCfg = Debug|Any CPU
		{6CEBDE93-A278-4BE7-806F-1BB009D02CD4}.Debug|Any CPU.Build.0 = Debug|Any CPU
		{6CEBDE93-A278-4BE7-806F-1BB009D02CD4}.Release|Any CPU.ActiveCfg = Release|Any CPU
		{6CEBDE93-A278-4BE7-806F-1BB009D02CD4}.Release|Any CPU.Build.0 = Release|Any CPU
		{791779B4-32D6-457D-9FB3-F10AF44DF28E}.Debug|Any CPU.ActiveCfg = Debug|Any CPU
		{791779B4-32D6-457D-9FB3-F10AF44DF28E}.Debug|Any CPU.Build.0 = Debug|Any CPU
		{791779B4-32D6-457D-9FB3-F10AF44DF28E}.Release|Any CPU.ActiveCfg = Release|Any CPU
		{791779B4-32D6-457D-9FB3-F10AF44DF28E}.Release|Any CPU.Build.0 = Release|Any CPU
	EndGlobalSection
EndGlobal
